// !$*UTF8*$!
{
	archiveVersion = 1;
	classes = {
	};
	objectVersion = 46;
	objects = {

/* Begin PBXBuildFile section */
		8E133D9D1B28061A007BD0A7 /* MJHotMovieMasterViewController.m in Sources */ = {isa = PBXBuildFile; fileRef = 8E133D9C1B28061A007BD0A7 /* MJHotMovieMasterViewController.m */; };
		8E133DA01B28093E007BD0A7 /* MJMovieListCell.m in Sources */ = {isa = PBXBuildFile; fileRef = 8E133D9F1B28093E007BD0A7 /* MJMovieListCell.m */; };
		8E17A3711B2583D400A60CC9 /* main.m in Sources */ = {isa = PBXBuildFile; fileRef = 8E17A3701B2583D400A60CC9 /* main.m */; };
		8E17A3741B2583D400A60CC9 /* AppDelegate.m in Sources */ = {isa = PBXBuildFile; fileRef = 8E17A3731B2583D400A60CC9 /* AppDelegate.m */; };
		8E17A3771B2583D400A60CC9 /* FirstViewController.m in Sources */ = {isa = PBXBuildFile; fileRef = 8E17A3761B2583D400A60CC9 /* FirstViewController.m */; };
		8E17A37A1B2583D400A60CC9 /* SecondViewController.m in Sources */ = {isa = PBXBuildFile; fileRef = 8E17A3791B2583D400A60CC9 /* SecondViewController.m */; };
		8E17A37D1B2583D400A60CC9 /* Main.storyboard in Resources */ = {isa = PBXBuildFile; fileRef = 8E17A37B1B2583D400A60CC9 /* Main.storyboard */; };
		8E17A37F1B2583D400A60CC9 /* Images.xcassets in Resources */ = {isa = PBXBuildFile; fileRef = 8E17A37E1B2583D400A60CC9 /* Images.xcassets */; };
		8E17A3821B2583D400A60CC9 /* LaunchScreen.xib in Resources */ = {isa = PBXBuildFile; fileRef = 8E17A3801B2583D400A60CC9 /* LaunchScreen.xib */; };
		8E2599521B285ACC00C86B76 /* MJHTTPFetcher.m in Sources */ = {isa = PBXBuildFile; fileRef = 8E2599511B285ACC00C86B76 /* MJHTTPFetcher.m */; };
		8E2CF6A21B28255900573BC9 /* CoreGraphics.framework in Frameworks */ = {isa = PBXBuildFile; fileRef = 8E2CF6A11B28255900573BC9 /* CoreGraphics.framework */; };
		8E3431D91B29C49B00439644 /* MJMovie.m in Sources */ = {isa = PBXBuildFile; fileRef = 8E3431D81B29C49B00439644 /* MJMovie.m */; };
		8E3D4FED1B27F26B00BEAFAE /* CoreLocation.framework in Frameworks */ = {isa = PBXBuildFile; fileRef = 8E3D4FEC1B27F26B00BEAFAE /* CoreLocation.framework */; };
		8E3D4FEF1B27F27100BEAFAE /* MapKit.framework in Frameworks */ = {isa = PBXBuildFile; fileRef = 8E3D4FEE1B27F27100BEAFAE /* MapKit.framework */; };
		8E4C83A31B2822A3007EDFF6 /* MJNetworkLoadingViewController.m in Sources */ = {isa = PBXBuildFile; fileRef = 8E4C83A21B2822A3007EDFF6 /* MJNetworkLoadingViewController.m */; };
		8E54A16E1B34568200DF8BB3 /* MJMoviePosterCell.m in Sources */ = {isa = PBXBuildFile; fileRef = 8E54A16D1B34568200DF8BB3 /* MJMoviePosterCell.m */; };
		8E5BABD11B2F08CD00C2D59B /* ScoreStarsKit.m in Sources */ = {isa = PBXBuildFile; fileRef = 8E5BABCE1B2F08CD00C2D59B /* ScoreStarsKit.m */; };
		8E5BABD21B2F08CD00C2D59B /* ScoreStarsView.m in Sources */ = {isa = PBXBuildFile; fileRef = 8E5BABD01B2F08CD00C2D59B /* ScoreStarsView.m */; };
		8E6B8D4B1B2A799F001BAC3E /* RAMBounceAnimation.swift in Sources */ = {isa = PBXBuildFile; fileRef = 8E6B8D401B2A799F001BAC3E /* RAMBounceAnimation.swift */; };
		8E6B8D4C1B2A799F001BAC3E /* RAMFrameItemAnimation.swift in Sources */ = {isa = PBXBuildFile; fileRef = 8E6B8D421B2A799F001BAC3E /* RAMFrameItemAnimation.swift */; };
		8E6B8D4D1B2A799F001BAC3E /* RAMFumeAnimation.swift in Sources */ = {isa = PBXBuildFile; fileRef = 8E6B8D441B2A799F001BAC3E /* RAMFumeAnimation.swift */; };
		8E6B8D4E1B2A799F001BAC3E /* RAMRotationAnimation.swift in Sources */ = {isa = PBXBuildFile; fileRef = 8E6B8D461B2A799F001BAC3E /* RAMRotationAnimation.swift */; };
		8E6B8D4F1B2A799F001BAC3E /* RAMTransitionItemAnimation.swift in Sources */ = {isa = PBXBuildFile; fileRef = 8E6B8D481B2A799F001BAC3E /* RAMTransitionItemAnimation.swift */; };
		8E6B8D501B2A799F001BAC3E /* RAMAnimatedTabBarController.swift in Sources */ = {isa = PBXBuildFile; fileRef = 8E6B8D491B2A799F001BAC3E /* RAMAnimatedTabBarController.swift */; };
		8E6B8D511B2A799F001BAC3E /* RAMItemAnimationProtocol.swift in Sources */ = {isa = PBXBuildFile; fileRef = 8E6B8D4A1B2A799F001BAC3E /* RAMItemAnimationProtocol.swift */; };
		8EA1FBD01B29A5810057E6E2 /* MJMovieDetailsViewController.m in Sources */ = {isa = PBXBuildFile; fileRef = 8EA1FBCF1B29A5810057E6E2 /* MJMovieDetailsViewController.m */; };
		8EA1FBD31B29A72A0057E6E2 /* FeThreeDotGlow.m in Sources */ = {isa = PBXBuildFile; fileRef = 8EA1FBD21B29A72A0057E6E2 /* FeThreeDotGlow.m */; };
		8EA1FBD61B29A88A0057E6E2 /* UIColor+flat.m in Sources */ = {isa = PBXBuildFile; fileRef = 8EA1FBD51B29A88A0057E6E2 /* UIColor+flat.m */; };
		8EA1FBDB1B29ACB20057E6E2 /* MJDetailsPageView.m in Sources */ = {isa = PBXBuildFile; fileRef = 8EA1FBDA1B29ACB20057E6E2 /* MJDetailsPageView.m */; };
		8EB245431B33EA0500CAE35A /* MJButton.m in Sources */ = {isa = PBXBuildFile; fileRef = 8EB245421B33EA0500CAE35A /* MJButton.m */; };
		8EB245461B344C0300CAE35A /* StoryBoardUtilities.m in Sources */ = {isa = PBXBuildFile; fileRef = 8EB245451B344C0300CAE35A /* StoryBoardUtilities.m */; };
		8EB245491B3453BF00CAE35A /* MJSimilarMoviesViewController.m in Sources */ = {isa = PBXBuildFile; fileRef = 8EB245481B3453BF00CAE35A /* MJSimilarMoviesViewController.m */; };
		8EB7E4F01B2AD9EA005F4C2E /* MJMovieDetailCell.m in Sources */ = {isa = PBXBuildFile; fileRef = 8EB7E4EE1B2AD9EA005F4C2E /* MJMovieDetailCell.m */; };
		8EB7E4F11B2AD9EA005F4C2E /* MJMovieDetailCell.xib in Resources */ = {isa = PBXBuildFile; fileRef = 8EB7E4EF1B2AD9EA005F4C2E /* MJMovieDetailCell.xib */; };
		8EBCA8C71B317059003FA128 /* RKSwipeBetweenViewControllers.m in Sources */ = {isa = PBXBuildFile; fileRef = 8EBCA8C61B317059003FA128 /* RKSwipeBetweenViewControllers.m */; };
		8EBCA8CA1B319BFC003FA128 /* MJComingSoonMovieMasterViewController.m in Sources */ = {isa = PBXBuildFile; fileRef = 8EBCA8C91B319BFC003FA128 /* MJComingSoonMovieMasterViewController.m */; };
		8EDB2A341B2AF4560049DC6A /* MJMovieDescriptionCell.m in Sources */ = {isa = PBXBuildFile; fileRef = 8EDB2A321B2AF4560049DC6A /* MJMovieDescriptionCell.m */; };
		8EDB2A351B2AF4560049DC6A /* MJMovieDescriptionCell.xib in Resources */ = {isa = PBXBuildFile; fileRef = 8EDB2A331B2AF4560049DC6A /* MJMovieDescriptionCell.xib */; };
		8EDB2A391B2AF83C0049DC6A /* MJSimilarMoviesCollectionViewCell.m in Sources */ = {isa = PBXBuildFile; fileRef = 8EDB2A371B2AF83C0049DC6A /* MJSimilarMoviesCollectionViewCell.m */; };
		8EDB2A3A1B2AF83C0049DC6A /* MJSimilarMoviesCollectionViewCell.xib in Resources */ = {isa = PBXBuildFile; fileRef = 8EDB2A381B2AF83C0049DC6A /* MJSimilarMoviesCollectionViewCell.xib */; };
		8EDB2A3E1B2AFA4E0049DC6A /* MJSimilarMoviesCell.m in Sources */ = {isa = PBXBuildFile; fileRef = 8EDB2A3C1B2AFA4E0049DC6A /* MJSimilarMoviesCell.m */; };
		8EDB2A3F1B2AFA4E0049DC6A /* MJSimilarMoviesCell.xib in Resources */ = {isa = PBXBuildFile; fileRef = 8EDB2A3D1B2AFA4E0049DC6A /* MJSimilarMoviesCell.xib */; };
		8EDB2A421B2AFACA0049DC6A /* MJIndexedCollectionView.m in Sources */ = {isa = PBXBuildFile; fileRef = 8EDB2A411B2AFACA0049DC6A /* MJIndexedCollectionView.m */; };
		8EDB2A461B2B11CB0049DC6A /* MJMovieCommentCell.m in Sources */ = {isa = PBXBuildFile; fileRef = 8EDB2A441B2B11CB0049DC6A /* MJMovieCommentCell.m */; };
		8EDB2A471B2B11CB0049DC6A /* MJMovieCommentCell.xib in Resources */ = {isa = PBXBuildFile; fileRef = 8EDB2A451B2B11CB0049DC6A /* MJMovieCommentCell.xib */; };
		8EDB2A4B1B2B15780049DC6A /* MJMovieViewAllCommentsCell.m in Sources */ = {isa = PBXBuildFile; fileRef = 8EDB2A491B2B15780049DC6A /* MJMovieViewAllCommentsCell.m */; };
		8EDB2A4C1B2B15780049DC6A /* MJMovieViewAllCommentsCell.xib in Resources */ = {isa = PBXBuildFile; fileRef = 8EDB2A4A1B2B15780049DC6A /* MJMovieViewAllCommentsCell.xib */; };
		8EDB2A501B2B22AD0049DC6A /* MJMovieDirectorCell.m in Sources */ = {isa = PBXBuildFile; fileRef = 8EDB2A4E1B2B22AD0049DC6A /* MJMovieDirectorCell.m */; };
		8EDB2A511B2B22AD0049DC6A /* MJMovieDirectorCell.xib in Resources */ = {isa = PBXBuildFile; fileRef = 8EDB2A4F1B2B22AD0049DC6A /* MJMovieDirectorCell.xib */; };
		8EED4A2C1B31B842000B33D1 /* MJComingSoonMovieListCell.m in Sources */ = {isa = PBXBuildFile; fileRef = 8EED4A2B1B31B842000B33D1 /* MJComingSoonMovieListCell.m */; };
		8EED4A2F1B3292F2000B33D1 /* MJReview.m in Sources */ = {isa = PBXBuildFile; fileRef = 8EED4A2E1B3292F2000B33D1 /* MJReview.m */; };
		BEFD9908ABB7726565155607 /* libPods.a in Frameworks */ = {isa = PBXBuildFile; fileRef = 50455F608FA4759AEE0F3533 /* libPods.a */; };
/* End PBXBuildFile section */

/* Begin PBXFileReference section */
		50455F608FA4759AEE0F3533 /* libPods.a */ = {isa = PBXFileReference; explicitFileType = archive.ar; includeInIndex = 0; path = libPods.a; sourceTree = BUILT_PRODUCTS_DIR; };
		8E133D9B1B28061A007BD0A7 /* MJHotMovieMasterViewController.h */ = {isa = PBXFileReference; fileEncoding = 4; lastKnownFileType = sourcecode.c.h; name = MJHotMovieMasterViewController.h; path = Controller/MJHotMovieMasterViewController.h; sourceTree = "<group>"; };
		8E133D9C1B28061A007BD0A7 /* MJHotMovieMasterViewController.m */ = {isa = PBXFileReference; fileEncoding = 4; lastKnownFileType = sourcecode.c.objc; name = MJHotMovieMasterViewController.m; path = Controller/MJHotMovieMasterViewController.m; sourceTree = "<group>"; };
		8E133D9E1B28093E007BD0A7 /* MJMovieListCell.h */ = {isa = PBXFileReference; fileEncoding = 4; lastKnownFileType = sourcecode.c.h; name = MJMovieListCell.h; path = View/MJMovieListCell.h; sourceTree = "<group>"; };
		8E133D9F1B28093E007BD0A7 /* MJMovieListCell.m */ = {isa = PBXFileReference; fileEncoding = 4; lastKnownFileType = sourcecode.c.objc; name = MJMovieListCell.m; path = View/MJMovieListCell.m; sourceTree = "<group>"; };
		8E17A36B1B2583D400A60CC9 /* MJdeDouBan.app */ = {isa = PBXFileReference; explicitFileType = wrapper.application; includeInIndex = 0; path = MJdeDouBan.app; sourceTree = BUILT_PRODUCTS_DIR; };
		8E17A36F1B2583D400A60CC9 /* Info.plist */ = {isa = PBXFileReference; lastKnownFileType = text.plist.xml; path = Info.plist; sourceTree = "<group>"; };
		8E17A3701B2583D400A60CC9 /* main.m */ = {isa = PBXFileReference; lastKnownFileType = sourcecode.c.objc; path = main.m; sourceTree = "<group>"; };
		8E17A3721B2583D400A60CC9 /* AppDelegate.h */ = {isa = PBXFileReference; lastKnownFileType = sourcecode.c.h; path = AppDelegate.h; sourceTree = "<group>"; };
		8E17A3731B2583D400A60CC9 /* AppDelegate.m */ = {isa = PBXFileReference; lastKnownFileType = sourcecode.c.objc; path = AppDelegate.m; sourceTree = "<group>"; };
		8E17A3751B2583D400A60CC9 /* FirstViewController.h */ = {isa = PBXFileReference; lastKnownFileType = sourcecode.c.h; path = FirstViewController.h; sourceTree = "<group>"; };
		8E17A3761B2583D400A60CC9 /* FirstViewController.m */ = {isa = PBXFileReference; lastKnownFileType = sourcecode.c.objc; path = FirstViewController.m; sourceTree = "<group>"; };
		8E17A3781B2583D400A60CC9 /* SecondViewController.h */ = {isa = PBXFileReference; lastKnownFileType = sourcecode.c.h; path = SecondViewController.h; sourceTree = "<group>"; };
		8E17A3791B2583D400A60CC9 /* SecondViewController.m */ = {isa = PBXFileReference; lastKnownFileType = sourcecode.c.objc; path = SecondViewController.m; sourceTree = "<group>"; };
		8E17A37C1B2583D400A60CC9 /* Base */ = {isa = PBXFileReference; lastKnownFileType = file.storyboard; name = Base; path = Base.lproj/Main.storyboard; sourceTree = "<group>"; };
		8E17A37E1B2583D400A60CC9 /* Images.xcassets */ = {isa = PBXFileReference; lastKnownFileType = folder.assetcatalog; path = Images.xcassets; sourceTree = "<group>"; };
		8E17A3811B2583D400A60CC9 /* Base */ = {isa = PBXFileReference; lastKnownFileType = file.xib; name = Base; path = Base.lproj/LaunchScreen.xib; sourceTree = "<group>"; };
		8E17A38C1B2583D400A60CC9 /* Info.plist */ = {isa = PBXFileReference; lastKnownFileType = text.plist.xml; path = Info.plist; sourceTree = "<group>"; };
		8E17A38D1B2583D400A60CC9 /* MJdeDouBanTests.m */ = {isa = PBXFileReference; lastKnownFileType = sourcecode.c.objc; path = MJdeDouBanTests.m; sourceTree = "<group>"; };
		8E2599501B285ACC00C86B76 /* MJHTTPFetcher.h */ = {isa = PBXFileReference; fileEncoding = 4; lastKnownFileType = sourcecode.c.h; name = MJHTTPFetcher.h; path = Control/MJHTTPFetcher.h; sourceTree = "<group>"; };
		8E2599511B285ACC00C86B76 /* MJHTTPFetcher.m */ = {isa = PBXFileReference; fileEncoding = 4; lastKnownFileType = sourcecode.c.objc; name = MJHTTPFetcher.m; path = Control/MJHTTPFetcher.m; sourceTree = "<group>"; };
		8E2CF69F1B2824EE00573BC9 /* QuartzCore.framework */ = {isa = PBXFileReference; lastKnownFileType = wrapper.framework; name = QuartzCore.framework; path = System/Library/Frameworks/QuartzCore.framework; sourceTree = SDKROOT; };
		8E2CF6A11B28255900573BC9 /* CoreGraphics.framework */ = {isa = PBXFileReference; lastKnownFileType = wrapper.framework; name = CoreGraphics.framework; path = System/Library/Frameworks/CoreGraphics.framework; sourceTree = SDKROOT; };
		8E3431D71B29C49B00439644 /* MJMovie.h */ = {isa = PBXFileReference; fileEncoding = 4; lastKnownFileType = sourcecode.c.h; name = MJMovie.h; path = Model/MJMovie.h; sourceTree = "<group>"; };
		8E3431D81B29C49B00439644 /* MJMovie.m */ = {isa = PBXFileReference; fileEncoding = 4; lastKnownFileType = sourcecode.c.objc; name = MJMovie.m; path = Model/MJMovie.m; sourceTree = "<group>"; };
		8E3D4FEC1B27F26B00BEAFAE /* CoreLocation.framework */ = {isa = PBXFileReference; lastKnownFileType = wrapper.framework; name = CoreLocation.framework; path = System/Library/Frameworks/CoreLocation.framework; sourceTree = SDKROOT; };
		8E3D4FEE1B27F27100BEAFAE /* MapKit.framework */ = {isa = PBXFileReference; lastKnownFileType = wrapper.framework; name = MapKit.framework; path = System/Library/Frameworks/MapKit.framework; sourceTree = SDKROOT; };
		8E4C83A11B2822A3007EDFF6 /* MJNetworkLoadingViewController.h */ = {isa = PBXFileReference; fileEncoding = 4; lastKnownFileType = sourcecode.c.h; name = MJNetworkLoadingViewController.h; path = Controller/MJNetworkLoadingViewController.h; sourceTree = "<group>"; };
		8E4C83A21B2822A3007EDFF6 /* MJNetworkLoadingViewController.m */ = {isa = PBXFileReference; fileEncoding = 4; lastKnownFileType = sourcecode.c.objc; name = MJNetworkLoadingViewController.m; path = Controller/MJNetworkLoadingViewController.m; sourceTree = "<group>"; };
		8E54A16C1B34568200DF8BB3 /* MJMoviePosterCell.h */ = {isa = PBXFileReference; fileEncoding = 4; lastKnownFileType = sourcecode.c.h; name = MJMoviePosterCell.h; path = View/MJMoviePosterCell.h; sourceTree = "<group>"; };
		8E54A16D1B34568200DF8BB3 /* MJMoviePosterCell.m */ = {isa = PBXFileReference; fileEncoding = 4; lastKnownFileType = sourcecode.c.objc; name = MJMoviePosterCell.m; path = View/MJMoviePosterCell.m; sourceTree = "<group>"; };
		8E5BABCD1B2F08CD00C2D59B /* ScoreStarsKit.h */ = {isa = PBXFileReference; fileEncoding = 4; lastKnownFileType = sourcecode.c.h; path = ScoreStarsKit.h; sourceTree = "<group>"; };
		8E5BABCE1B2F08CD00C2D59B /* ScoreStarsKit.m */ = {isa = PBXFileReference; fileEncoding = 4; lastKnownFileType = sourcecode.c.objc; path = ScoreStarsKit.m; sourceTree = "<group>"; };
		8E5BABCF1B2F08CD00C2D59B /* ScoreStarsView.h */ = {isa = PBXFileReference; fileEncoding = 4; lastKnownFileType = sourcecode.c.h; path = ScoreStarsView.h; sourceTree = "<group>"; };
		8E5BABD01B2F08CD00C2D59B /* ScoreStarsView.m */ = {isa = PBXFileReference; fileEncoding = 4; lastKnownFileType = sourcecode.c.objc; path = ScoreStarsView.m; sourceTree = "<group>"; };
		8E6B8D401B2A799F001BAC3E /* RAMBounceAnimation.swift */ = {isa = PBXFileReference; fileEncoding = 4; lastKnownFileType = sourcecode.swift; path = RAMBounceAnimation.swift; sourceTree = "<group>"; };
		8E6B8D421B2A799F001BAC3E /* RAMFrameItemAnimation.swift */ = {isa = PBXFileReference; fileEncoding = 4; lastKnownFileType = sourcecode.swift; path = RAMFrameItemAnimation.swift; sourceTree = "<group>"; };
		8E6B8D441B2A799F001BAC3E /* RAMFumeAnimation.swift */ = {isa = PBXFileReference; fileEncoding = 4; lastKnownFileType = sourcecode.swift; path = RAMFumeAnimation.swift; sourceTree = "<group>"; };
		8E6B8D461B2A799F001BAC3E /* RAMRotationAnimation.swift */ = {isa = PBXFileReference; fileEncoding = 4; lastKnownFileType = sourcecode.swift; path = RAMRotationAnimation.swift; sourceTree = "<group>"; };
		8E6B8D481B2A799F001BAC3E /* RAMTransitionItemAnimation.swift */ = {isa = PBXFileReference; fileEncoding = 4; lastKnownFileType = sourcecode.swift; path = RAMTransitionItemAnimation.swift; sourceTree = "<group>"; };
		8E6B8D491B2A799F001BAC3E /* RAMAnimatedTabBarController.swift */ = {isa = PBXFileReference; fileEncoding = 4; lastKnownFileType = sourcecode.swift; path = RAMAnimatedTabBarController.swift; sourceTree = "<group>"; };
		8E6B8D4A1B2A799F001BAC3E /* RAMItemAnimationProtocol.swift */ = {isa = PBXFileReference; fileEncoding = 4; lastKnownFileType = sourcecode.swift; path = RAMItemAnimationProtocol.swift; sourceTree = "<group>"; };
		8EA1FBCE1B29A5810057E6E2 /* MJMovieDetailsViewController.h */ = {isa = PBXFileReference; fileEncoding = 4; lastKnownFileType = sourcecode.c.h; name = MJMovieDetailsViewController.h; path = Controller/MJMovieDetailsViewController.h; sourceTree = "<group>"; };
		8EA1FBCF1B29A5810057E6E2 /* MJMovieDetailsViewController.m */ = {isa = PBXFileReference; fileEncoding = 4; lastKnownFileType = sourcecode.c.objc; name = MJMovieDetailsViewController.m; path = Controller/MJMovieDetailsViewController.m; sourceTree = "<group>"; };
		8EA1FBD11B29A72A0057E6E2 /* FeThreeDotGlow.h */ = {isa = PBXFileReference; fileEncoding = 4; lastKnownFileType = sourcecode.c.h; name = FeThreeDotGlow.h; path = MJdeDouBan/FeThreeDotGlow.h; sourceTree = "<group>"; };
		8EA1FBD21B29A72A0057E6E2 /* FeThreeDotGlow.m */ = {isa = PBXFileReference; fileEncoding = 4; lastKnownFileType = sourcecode.c.objc; name = FeThreeDotGlow.m; path = MJdeDouBan/FeThreeDotGlow.m; sourceTree = "<group>"; };
		8EA1FBD41B29A88A0057E6E2 /* UIColor+flat.h */ = {isa = PBXFileReference; fileEncoding = 4; lastKnownFileType = sourcecode.c.h; name = "UIColor+flat.h"; path = "MJdeDouBan/UIColor+flat.h"; sourceTree = "<group>"; };
		8EA1FBD51B29A88A0057E6E2 /* UIColor+flat.m */ = {isa = PBXFileReference; fileEncoding = 4; lastKnownFileType = sourcecode.c.objc; name = "UIColor+flat.m"; path = "MJdeDouBan/UIColor+flat.m"; sourceTree = "<group>"; };
		8EA1FBD91B29ACB20057E6E2 /* MJDetailsPageView.h */ = {isa = PBXFileReference; fileEncoding = 4; lastKnownFileType = sourcecode.c.h; name = MJDetailsPageView.h; path = View/MJDetailsPageView.h; sourceTree = "<group>"; };
		8EA1FBDA1B29ACB20057E6E2 /* MJDetailsPageView.m */ = {isa = PBXFileReference; fileEncoding = 4; lastKnownFileType = sourcecode.c.objc; name = MJDetailsPageView.m; path = View/MJDetailsPageView.m; sourceTree = "<group>"; };
		8EB245411B33EA0500CAE35A /* MJButton.h */ = {isa = PBXFileReference; fileEncoding = 4; lastKnownFileType = sourcecode.c.h; path = MJButton.h; sourceTree = "<group>"; };
		8EB245421B33EA0500CAE35A /* MJButton.m */ = {isa = PBXFileReference; fileEncoding = 4; lastKnownFileType = sourcecode.c.objc; path = MJButton.m; sourceTree = "<group>"; };
		8EB245441B344C0300CAE35A /* StoryBoardUtilities.h */ = {isa = PBXFileReference; fileEncoding = 4; lastKnownFileType = sourcecode.c.h; path = StoryBoardUtilities.h; sourceTree = "<group>"; };
		8EB245451B344C0300CAE35A /* StoryBoardUtilities.m */ = {isa = PBXFileReference; fileEncoding = 4; lastKnownFileType = sourcecode.c.objc; path = StoryBoardUtilities.m; sourceTree = "<group>"; };
		8EB245471B3453BF00CAE35A /* MJSimilarMoviesViewController.h */ = {isa = PBXFileReference; fileEncoding = 4; lastKnownFileType = sourcecode.c.h; name = MJSimilarMoviesViewController.h; path = Controller/MJSimilarMoviesViewController.h; sourceTree = "<group>"; };
		8EB245481B3453BF00CAE35A /* MJSimilarMoviesViewController.m */ = {isa = PBXFileReference; fileEncoding = 4; lastKnownFileType = sourcecode.c.objc; name = MJSimilarMoviesViewController.m; path = Controller/MJSimilarMoviesViewController.m; sourceTree = "<group>"; };
		8EB7E4ED1B2AD9EA005F4C2E /* MJMovieDetailCell.h */ = {isa = PBXFileReference; fileEncoding = 4; lastKnownFileType = sourcecode.c.h; name = MJMovieDetailCell.h; path = View/MJMovieDetailCell.h; sourceTree = "<group>"; };
		8EB7E4EE1B2AD9EA005F4C2E /* MJMovieDetailCell.m */ = {isa = PBXFileReference; fileEncoding = 4; lastKnownFileType = sourcecode.c.objc; name = MJMovieDetailCell.m; path = View/MJMovieDetailCell.m; sourceTree = "<group>"; };
		8EB7E4EF1B2AD9EA005F4C2E /* MJMovieDetailCell.xib */ = {isa = PBXFileReference; fileEncoding = 4; lastKnownFileType = file.xib; name = MJMovieDetailCell.xib; path = View/MJMovieDetailCell.xib; sourceTree = "<group>"; };
		8EBCA8C51B317059003FA128 /* RKSwipeBetweenViewControllers.h */ = {isa = PBXFileReference; fileEncoding = 4; lastKnownFileType = sourcecode.c.h; path = RKSwipeBetweenViewControllers.h; sourceTree = "<group>"; };
		8EBCA8C61B317059003FA128 /* RKSwipeBetweenViewControllers.m */ = {isa = PBXFileReference; fileEncoding = 4; lastKnownFileType = sourcecode.c.objc; path = RKSwipeBetweenViewControllers.m; sourceTree = "<group>"; };
		8EBCA8C81B319BFC003FA128 /* MJComingSoonMovieMasterViewController.h */ = {isa = PBXFileReference; fileEncoding = 4; lastKnownFileType = sourcecode.c.h; name = MJComingSoonMovieMasterViewController.h; path = Controller/MJComingSoonMovieMasterViewController.h; sourceTree = "<group>"; };
		8EBCA8C91B319BFC003FA128 /* MJComingSoonMovieMasterViewController.m */ = {isa = PBXFileReference; fileEncoding = 4; lastKnownFileType = sourcecode.c.objc; name = MJComingSoonMovieMasterViewController.m; path = Controller/MJComingSoonMovieMasterViewController.m; sourceTree = "<group>"; };
		8EDB2A311B2AF4560049DC6A /* MJMovieDescriptionCell.h */ = {isa = PBXFileReference; fileEncoding = 4; lastKnownFileType = sourcecode.c.h; name = MJMovieDescriptionCell.h; path = View/MJMovieDescriptionCell.h; sourceTree = "<group>"; };
		8EDB2A321B2AF4560049DC6A /* MJMovieDescriptionCell.m */ = {isa = PBXFileReference; fileEncoding = 4; lastKnownFileType = sourcecode.c.objc; name = MJMovieDescriptionCell.m; path = View/MJMovieDescriptionCell.m; sourceTree = "<group>"; };
		8EDB2A331B2AF4560049DC6A /* MJMovieDescriptionCell.xib */ = {isa = PBXFileReference; fileEncoding = 4; lastKnownFileType = file.xib; name = MJMovieDescriptionCell.xib; path = View/MJMovieDescriptionCell.xib; sourceTree = "<group>"; };
		8EDB2A361B2AF83C0049DC6A /* MJSimilarMoviesCollectionViewCell.h */ = {isa = PBXFileReference; fileEncoding = 4; lastKnownFileType = sourcecode.c.h; name = MJSimilarMoviesCollectionViewCell.h; path = View/MJSimilarMoviesCollectionViewCell.h; sourceTree = "<group>"; };
		8EDB2A371B2AF83C0049DC6A /* MJSimilarMoviesCollectionViewCell.m */ = {isa = PBXFileReference; fileEncoding = 4; lastKnownFileType = sourcecode.c.objc; name = MJSimilarMoviesCollectionViewCell.m; path = View/MJSimilarMoviesCollectionViewCell.m; sourceTree = "<group>"; };
		8EDB2A381B2AF83C0049DC6A /* MJSimilarMoviesCollectionViewCell.xib */ = {isa = PBXFileReference; fileEncoding = 4; lastKnownFileType = file.xib; name = MJSimilarMoviesCollectionViewCell.xib; path = View/MJSimilarMoviesCollectionViewCell.xib; sourceTree = "<group>"; };
		8EDB2A3B1B2AFA4E0049DC6A /* MJSimilarMoviesCell.h */ = {isa = PBXFileReference; fileEncoding = 4; lastKnownFileType = sourcecode.c.h; name = MJSimilarMoviesCell.h; path = View/MJSimilarMoviesCell.h; sourceTree = "<group>"; };
		8EDB2A3C1B2AFA4E0049DC6A /* MJSimilarMoviesCell.m */ = {isa = PBXFileReference; fileEncoding = 4; lastKnownFileType = sourcecode.c.objc; name = MJSimilarMoviesCell.m; path = View/MJSimilarMoviesCell.m; sourceTree = "<group>"; };
		8EDB2A3D1B2AFA4E0049DC6A /* MJSimilarMoviesCell.xib */ = {isa = PBXFileReference; fileEncoding = 4; lastKnownFileType = file.xib; name = MJSimilarMoviesCell.xib; path = View/MJSimilarMoviesCell.xib; sourceTree = "<group>"; };
		8EDB2A401B2AFACA0049DC6A /* MJIndexedCollectionView.h */ = {isa = PBXFileReference; fileEncoding = 4; lastKnownFileType = sourcecode.c.h; name = MJIndexedCollectionView.h; path = Utils/MJIndexedCollectionView.h; sourceTree = "<group>"; };
		8EDB2A411B2AFACA0049DC6A /* MJIndexedCollectionView.m */ = {isa = PBXFileReference; fileEncoding = 4; lastKnownFileType = sourcecode.c.objc; name = MJIndexedCollectionView.m; path = Utils/MJIndexedCollectionView.m; sourceTree = "<group>"; };
		8EDB2A431B2B11CB0049DC6A /* MJMovieCommentCell.h */ = {isa = PBXFileReference; fileEncoding = 4; lastKnownFileType = sourcecode.c.h; name = MJMovieCommentCell.h; path = View/MJMovieCommentCell.h; sourceTree = "<group>"; };
		8EDB2A441B2B11CB0049DC6A /* MJMovieCommentCell.m */ = {isa = PBXFileReference; fileEncoding = 4; lastKnownFileType = sourcecode.c.objc; name = MJMovieCommentCell.m; path = View/MJMovieCommentCell.m; sourceTree = "<group>"; };
		8EDB2A451B2B11CB0049DC6A /* MJMovieCommentCell.xib */ = {isa = PBXFileReference; fileEncoding = 4; lastKnownFileType = file.xib; name = MJMovieCommentCell.xib; path = View/MJMovieCommentCell.xib; sourceTree = "<group>"; };
		8EDB2A481B2B15780049DC6A /* MJMovieViewAllCommentsCell.h */ = {isa = PBXFileReference; fileEncoding = 4; lastKnownFileType = sourcecode.c.h; name = MJMovieViewAllCommentsCell.h; path = View/MJMovieViewAllCommentsCell.h; sourceTree = "<group>"; };
		8EDB2A491B2B15780049DC6A /* MJMovieViewAllCommentsCell.m */ = {isa = PBXFileReference; fileEncoding = 4; lastKnownFileType = sourcecode.c.objc; name = MJMovieViewAllCommentsCell.m; path = View/MJMovieViewAllCommentsCell.m; sourceTree = "<group>"; };
		8EDB2A4A1B2B15780049DC6A /* MJMovieViewAllCommentsCell.xib */ = {isa = PBXFileReference; fileEncoding = 4; lastKnownFileType = file.xib; name = MJMovieViewAllCommentsCell.xib; path = View/MJMovieViewAllCommentsCell.xib; sourceTree = "<group>"; };
		8EDB2A4D1B2B22AD0049DC6A /* MJMovieDirectorCell.h */ = {isa = PBXFileReference; fileEncoding = 4; lastKnownFileType = sourcecode.c.h; name = MJMovieDirectorCell.h; path = View/MJMovieDirectorCell.h; sourceTree = "<group>"; };
		8EDB2A4E1B2B22AD0049DC6A /* MJMovieDirectorCell.m */ = {isa = PBXFileReference; fileEncoding = 4; lastKnownFileType = sourcecode.c.objc; name = MJMovieDirectorCell.m; path = View/MJMovieDirectorCell.m; sourceTree = "<group>"; };
		8EDB2A4F1B2B22AD0049DC6A /* MJMovieDirectorCell.xib */ = {isa = PBXFileReference; fileEncoding = 4; lastKnownFileType = file.xib; name = MJMovieDirectorCell.xib; path = View/MJMovieDirectorCell.xib; sourceTree = "<group>"; };
		8EED4A2A1B31B842000B33D1 /* MJComingSoonMovieListCell.h */ = {isa = PBXFileReference; fileEncoding = 4; lastKnownFileType = sourcecode.c.h; name = MJComingSoonMovieListCell.h; path = View/MJComingSoonMovieListCell.h; sourceTree = "<group>"; };
		8EED4A2B1B31B842000B33D1 /* MJComingSoonMovieListCell.m */ = {isa = PBXFileReference; fileEncoding = 4; lastKnownFileType = sourcecode.c.objc; name = MJComingSoonMovieListCell.m; path = View/MJComingSoonMovieListCell.m; sourceTree = "<group>"; };
		8EED4A2D1B3292F2000B33D1 /* MJReview.h */ = {isa = PBXFileReference; fileEncoding = 4; lastKnownFileType = sourcecode.c.h; name = MJReview.h; path = Model/MJReview.h; sourceTree = "<group>"; };
		8EED4A2E1B3292F2000B33D1 /* MJReview.m */ = {isa = PBXFileReference; fileEncoding = 4; lastKnownFileType = sourcecode.c.objc; name = MJReview.m; path = Model/MJReview.m; sourceTree = "<group>"; };
		F18330DA74D8E1E814FDCA6B /* Pods.release.xcconfig */ = {isa = PBXFileReference; includeInIndex = 1; lastKnownFileType = text.xcconfig; name = Pods.release.xcconfig; path = "Pods/Target Support Files/Pods/Pods.release.xcconfig"; sourceTree = "<group>"; };
		FD26D74BFAD84333207A5F92 /* Pods.debug.xcconfig */ = {isa = PBXFileReference; includeInIndex = 1; lastKnownFileType = text.xcconfig; name = Pods.debug.xcconfig; path = "Pods/Target Support Files/Pods/Pods.debug.xcconfig"; sourceTree = "<group>"; };
/* End PBXFileReference section */

/* Begin PBXFrameworksBuildPhase section */
		8E17A3681B2583D400A60CC9 /* Frameworks */ = {
			isa = PBXFrameworksBuildPhase;
			buildActionMask = 2147483647;
			files = (
				8E2CF6A21B28255900573BC9 /* CoreGraphics.framework in Frameworks */,
				8E3D4FEF1B27F27100BEAFAE /* MapKit.framework in Frameworks */,
				8E3D4FED1B27F26B00BEAFAE /* CoreLocation.framework in Frameworks */,
				BEFD9908ABB7726565155607 /* libPods.a in Frameworks */,
			);
			runOnlyForDeploymentPostprocessing = 0;
		};
/* End PBXFrameworksBuildPhase section */

/* Begin PBXGroup section */
		60D5C6423BECB0ECF4F1614C /* Pods */ = {
			isa = PBXGroup;
			children = (
				FD26D74BFAD84333207A5F92 /* Pods.debug.xcconfig */,
				F18330DA74D8E1E814FDCA6B /* Pods.release.xcconfig */,
			);
			name = Pods;
			sourceTree = "<group>";
		};
		8E133D981B2805A0007BD0A7 /* Model */ = {
			isa = PBXGroup;
			children = (
				8E3431D71B29C49B00439644 /* MJMovie.h */,
				8E3431D81B29C49B00439644 /* MJMovie.m */,
				8EED4A2D1B3292F2000B33D1 /* MJReview.h */,
				8EED4A2E1B3292F2000B33D1 /* MJReview.m */,
			);
			name = Model;
			sourceTree = "<group>";
		};
		8E133D991B2805AB007BD0A7 /* View */ = {
			isa = PBXGroup;
			children = (
				8EA1FBCD1B29A53D0057E6E2 /* MovieMaster */,
				8EA1FBD81B29AC770057E6E2 /* MovieDetail */,
				8EED4A291B31B7F1000B33D1 /* ComingSoonMovieMaster */,
				8E54A16B1B34565000DF8BB3 /* SimilarMovie */,
			);
			name = View;
			sourceTree = "<group>";
		};
		8E133D9A1B2805B9007BD0A7 /* Controller */ = {
			isa = PBXGroup;
			children = (
				8E133D9B1B28061A007BD0A7 /* MJHotMovieMasterViewController.h */,
				8E133D9C1B28061A007BD0A7 /* MJHotMovieMasterViewController.m */,
				8E4C83A11B2822A3007EDFF6 /* MJNetworkLoadingViewController.h */,
				8E4C83A21B2822A3007EDFF6 /* MJNetworkLoadingViewController.m */,
				8EA1FBCE1B29A5810057E6E2 /* MJMovieDetailsViewController.h */,
				8EA1FBCF1B29A5810057E6E2 /* MJMovieDetailsViewController.m */,
				8EBCA8C81B319BFC003FA128 /* MJComingSoonMovieMasterViewController.h */,
				8EBCA8C91B319BFC003FA128 /* MJComingSoonMovieMasterViewController.m */,
				8EB245471B3453BF00CAE35A /* MJSimilarMoviesViewController.h */,
				8EB245481B3453BF00CAE35A /* MJSimilarMoviesViewController.m */,
			);
			name = Controller;
			sourceTree = "<group>";
		};
		8E17A3621B2583D400A60CC9 = {
			isa = PBXGroup;
			children = (
				8E17A36D1B2583D400A60CC9 /* MJdeDouBan */,
				8E17A3971B2583E700A60CC9 /* Library */,
				8E17A38A1B2583D400A60CC9 /* MJdeDouBanTests */,
				8E17A36C1B2583D400A60CC9 /* Products */,
				60D5C6423BECB0ECF4F1614C /* Pods */,
				A65A07FAC5A0622BA04A2470 /* Frameworks */,
			);
			sourceTree = "<group>";
		};
		8E17A36C1B2583D400A60CC9 /* Products */ = {
			isa = PBXGroup;
			children = (
				8E17A36B1B2583D400A60CC9 /* MJdeDouBan.app */,
			);
			name = Products;
			sourceTree = "<group>";
		};
		8E17A36D1B2583D400A60CC9 /* MJdeDouBan */ = {
			isa = PBXGroup;
			children = (
				8EA1FBD71B29A8920057E6E2 /* Utils */,
				8E133D981B2805A0007BD0A7 /* Model */,
				8E133D991B2805AB007BD0A7 /* View */,
				8E25994F1B285A8D00C86B76 /* Control */,
				8E133D9A1B2805B9007BD0A7 /* Controller */,
				8E17A3721B2583D400A60CC9 /* AppDelegate.h */,
				8E17A3731B2583D400A60CC9 /* AppDelegate.m */,
				8E17A3751B2583D400A60CC9 /* FirstViewController.h */,
				8E17A3761B2583D400A60CC9 /* FirstViewController.m */,
				8E17A3781B2583D400A60CC9 /* SecondViewController.h */,
				8E17A3791B2583D400A60CC9 /* SecondViewController.m */,
				8E17A37B1B2583D400A60CC9 /* Main.storyboard */,
				8E17A37E1B2583D400A60CC9 /* Images.xcassets */,
				8E17A3801B2583D400A60CC9 /* LaunchScreen.xib */,
				8E17A36E1B2583D400A60CC9 /* Supporting Files */,
			);
			path = MJdeDouBan;
			sourceTree = "<group>";
		};
		8E17A36E1B2583D400A60CC9 /* Supporting Files */ = {
			isa = PBXGroup;
			children = (
				8E17A36F1B2583D400A60CC9 /* Info.plist */,
				8E17A3701B2583D400A60CC9 /* main.m */,
			);
			name = "Supporting Files";
			sourceTree = "<group>";
		};
		8E17A38A1B2583D400A60CC9 /* MJdeDouBanTests */ = {
			isa = PBXGroup;
			children = (
				8E17A38D1B2583D400A60CC9 /* MJdeDouBanTests.m */,
				8E17A38B1B2583D400A60CC9 /* Supporting Files */,
			);
			path = MJdeDouBanTests;
			sourceTree = "<group>";
		};
		8E17A38B1B2583D400A60CC9 /* Supporting Files */ = {
			isa = PBXGroup;
			children = (
				8E17A38C1B2583D400A60CC9 /* Info.plist */,
			);
			name = "Supporting Files";
			sourceTree = "<group>";
		};
		8E17A3971B2583E700A60CC9 /* Library */ = {
			isa = PBXGroup;
			children = (
				8EBCA8C41B317049003FA128 /* RKSwipeBetweenViewControllers */,
				8EFAA9761B2A856E0072B78E /* FeSpinner */,
				8E6B8D3D1B2A799F001BAC3E /* RAMAnimatedTabBarController */,
			);
			name = Library;
			sourceTree = "<group>";
		};
		8E25994F1B285A8D00C86B76 /* Control */ = {
			isa = PBXGroup;
			children = (
				8E2599501B285ACC00C86B76 /* MJHTTPFetcher.h */,
				8E2599511B285ACC00C86B76 /* MJHTTPFetcher.m */,
			);
			name = Control;
			sourceTree = "<group>";
		};
		8E54A16B1B34565000DF8BB3 /* SimilarMovie */ = {
			isa = PBXGroup;
			children = (
				8E54A16C1B34568200DF8BB3 /* MJMoviePosterCell.h */,
				8E54A16D1B34568200DF8BB3 /* MJMoviePosterCell.m */,
			);
			name = SimilarMovie;
			sourceTree = "<group>";
		};
		8E6B8D3D1B2A799F001BAC3E /* RAMAnimatedTabBarController */ = {
			isa = PBXGroup;
			children = (
				8E6B8D3E1B2A799F001BAC3E /* Animations */,
				8E6B8D491B2A799F001BAC3E /* RAMAnimatedTabBarController.swift */,
				8E6B8D4A1B2A799F001BAC3E /* RAMItemAnimationProtocol.swift */,
			);
			path = RAMAnimatedTabBarController;
			sourceTree = "<group>";
		};
		8E6B8D3E1B2A799F001BAC3E /* Animations */ = {
			isa = PBXGroup;
			children = (
				8E6B8D3F1B2A799F001BAC3E /* BounceAnimation */,
				8E6B8D411B2A799F001BAC3E /* FrameAnimation */,
				8E6B8D431B2A799F001BAC3E /* FumeAnimation */,
				8E6B8D451B2A799F001BAC3E /* RotationAnimation */,
				8E6B8D471B2A799F001BAC3E /* TransitionAniamtions */,
			);
			path = Animations;
			sourceTree = "<group>";
		};
		8E6B8D3F1B2A799F001BAC3E /* BounceAnimation */ = {
			isa = PBXGroup;
			children = (
				8E6B8D401B2A799F001BAC3E /* RAMBounceAnimation.swift */,
			);
			path = BounceAnimation;
			sourceTree = "<group>";
		};
		8E6B8D411B2A799F001BAC3E /* FrameAnimation */ = {
			isa = PBXGroup;
			children = (
				8E6B8D421B2A799F001BAC3E /* RAMFrameItemAnimation.swift */,
			);
			path = FrameAnimation;
			sourceTree = "<group>";
		};
		8E6B8D431B2A799F001BAC3E /* FumeAnimation */ = {
			isa = PBXGroup;
			children = (
				8E6B8D441B2A799F001BAC3E /* RAMFumeAnimation.swift */,
			);
			path = FumeAnimation;
			sourceTree = "<group>";
		};
		8E6B8D451B2A799F001BAC3E /* RotationAnimation */ = {
			isa = PBXGroup;
			children = (
				8E6B8D461B2A799F001BAC3E /* RAMRotationAnimation.swift */,
			);
			path = RotationAnimation;
			sourceTree = "<group>";
		};
		8E6B8D471B2A799F001BAC3E /* TransitionAniamtions */ = {
			isa = PBXGroup;
			children = (
				8E6B8D481B2A799F001BAC3E /* RAMTransitionItemAnimation.swift */,
			);
			path = TransitionAniamtions;
			sourceTree = "<group>";
		};
		8EA1FBCD1B29A53D0057E6E2 /* MovieMaster */ = {
			isa = PBXGroup;
			children = (
				8E133D9E1B28093E007BD0A7 /* MJMovieListCell.h */,
				8E133D9F1B28093E007BD0A7 /* MJMovieListCell.m */,
			);
			name = MovieMaster;
			sourceTree = "<group>";
		};
		8EA1FBD71B29A8920057E6E2 /* Utils */ = {
			isa = PBXGroup;
			children = (
				8EDB2A401B2AFACA0049DC6A /* MJIndexedCollectionView.h */,
				8EDB2A411B2AFACA0049DC6A /* MJIndexedCollectionView.m */,
				8EB245441B344C0300CAE35A /* StoryBoardUtilities.h */,
				8EB245451B344C0300CAE35A /* StoryBoardUtilities.m */,
			);
			name = Utils;
			sourceTree = "<group>";
		};
		8EA1FBD81B29AC770057E6E2 /* MovieDetail */ = {
			isa = PBXGroup;
			children = (
				8E5BABCD1B2F08CD00C2D59B /* ScoreStarsKit.h */,
				8E5BABCE1B2F08CD00C2D59B /* ScoreStarsKit.m */,
				8E5BABCF1B2F08CD00C2D59B /* ScoreStarsView.h */,
				8E5BABD01B2F08CD00C2D59B /* ScoreStarsView.m */,
				8EA1FBD91B29ACB20057E6E2 /* MJDetailsPageView.h */,
				8EA1FBDA1B29ACB20057E6E2 /* MJDetailsPageView.m */,
				8EB7E4ED1B2AD9EA005F4C2E /* MJMovieDetailCell.h */,
				8EB7E4EE1B2AD9EA005F4C2E /* MJMovieDetailCell.m */,
				8EB7E4EF1B2AD9EA005F4C2E /* MJMovieDetailCell.xib */,
				8EDB2A311B2AF4560049DC6A /* MJMovieDescriptionCell.h */,
				8EDB2A321B2AF4560049DC6A /* MJMovieDescriptionCell.m */,
				8EDB2A331B2AF4560049DC6A /* MJMovieDescriptionCell.xib */,
				8EDB2A361B2AF83C0049DC6A /* MJSimilarMoviesCollectionViewCell.h */,
				8EDB2A371B2AF83C0049DC6A /* MJSimilarMoviesCollectionViewCell.m */,
				8EDB2A381B2AF83C0049DC6A /* MJSimilarMoviesCollectionViewCell.xib */,
				8EDB2A3B1B2AFA4E0049DC6A /* MJSimilarMoviesCell.h */,
				8EDB2A3C1B2AFA4E0049DC6A /* MJSimilarMoviesCell.m */,
				8EDB2A3D1B2AFA4E0049DC6A /* MJSimilarMoviesCell.xib */,
				8EDB2A4D1B2B22AD0049DC6A /* MJMovieDirectorCell.h */,
				8EDB2A4E1B2B22AD0049DC6A /* MJMovieDirectorCell.m */,
				8EDB2A4F1B2B22AD0049DC6A /* MJMovieDirectorCell.xib */,
				8EDB2A431B2B11CB0049DC6A /* MJMovieCommentCell.h */,
				8EDB2A441B2B11CB0049DC6A /* MJMovieCommentCell.m */,
				8EDB2A451B2B11CB0049DC6A /* MJMovieCommentCell.xib */,
				8EDB2A481B2B15780049DC6A /* MJMovieViewAllCommentsCell.h */,
				8EDB2A491B2B15780049DC6A /* MJMovieViewAllCommentsCell.m */,
				8EDB2A4A1B2B15780049DC6A /* MJMovieViewAllCommentsCell.xib */,
			);
			name = MovieDetail;
			sourceTree = "<group>";
		};
		8EBCA8C41B317049003FA128 /* RKSwipeBetweenViewControllers */ = {
			isa = PBXGroup;
			children = (
				8EBCA8C51B317059003FA128 /* RKSwipeBetweenViewControllers.h */,
				8EBCA8C61B317059003FA128 /* RKSwipeBetweenViewControllers.m */,
			);
			name = RKSwipeBetweenViewControllers;
			sourceTree = "<group>";
		};
		8EED4A291B31B7F1000B33D1 /* ComingSoonMovieMaster */ = {
			isa = PBXGroup;
			children = (
				8EED4A2A1B31B842000B33D1 /* MJComingSoonMovieListCell.h */,
				8EED4A2B1B31B842000B33D1 /* MJComingSoonMovieListCell.m */,
				8EB245411B33EA0500CAE35A /* MJButton.h */,
				8EB245421B33EA0500CAE35A /* MJButton.m */,
			);
			name = ComingSoonMovieMaster;
			sourceTree = "<group>";
		};
		8EFAA9761B2A856E0072B78E /* FeSpinner */ = {
			isa = PBXGroup;
			children = (
				8EA1FBD41B29A88A0057E6E2 /* UIColor+flat.h */,
				8EA1FBD51B29A88A0057E6E2 /* UIColor+flat.m */,
				8EA1FBD11B29A72A0057E6E2 /* FeThreeDotGlow.h */,
				8EA1FBD21B29A72A0057E6E2 /* FeThreeDotGlow.m */,
			);
			name = FeSpinner;
			sourceTree = "<group>";
		};
		A65A07FAC5A0622BA04A2470 /* Frameworks */ = {
			isa = PBXGroup;
			children = (
				8E2CF6A11B28255900573BC9 /* CoreGraphics.framework */,
				8E2CF69F1B2824EE00573BC9 /* QuartzCore.framework */,
				8E3D4FEE1B27F27100BEAFAE /* MapKit.framework */,
				8E3D4FEC1B27F26B00BEAFAE /* CoreLocation.framework */,
				50455F608FA4759AEE0F3533 /* libPods.a */,
			);
			name = Frameworks;
			sourceTree = "<group>";
		};
/* End PBXGroup section */

/* Begin PBXNativeTarget section */
		8E17A36A1B2583D400A60CC9 /* MJdeDouBan */ = {
			isa = PBXNativeTarget;
			buildConfigurationList = 8E17A3911B2583D400A60CC9 /* Build configuration list for PBXNativeTarget "MJdeDouBan" */;
			buildPhases = (
				42AFB882BB4EAD9C33AA6DB3 /* Check Pods Manifest.lock */,
				8E17A3671B2583D400A60CC9 /* Sources */,
				8E17A3681B2583D400A60CC9 /* Frameworks */,
				8E17A3691B2583D400A60CC9 /* Resources */,
				5F1433AC675D9D019D3DC128 /* Copy Pods Resources */,
			);
			buildRules = (
			);
			dependencies = (
			);
			name = MJdeDouBan;
			productName = MJdeDouBan;
			productReference = 8E17A36B1B2583D400A60CC9 /* MJdeDouBan.app */;
			productType = "com.apple.product-type.application";
		};
/* End PBXNativeTarget section */

/* Begin PBXProject section */
		8E17A3631B2583D400A60CC9 /* Project object */ = {
			isa = PBXProject;
			attributes = {
				LastSwiftUpdateCheck = 0700;
				LastUpgradeCheck = 0630;
				ORGANIZATIONNAME = WangMinjun;
				TargetAttributes = {
					8E17A36A1B2583D400A60CC9 = {
						CreatedOnToolsVersion = 6.3.2;
					};
				};
			};
			buildConfigurationList = 8E17A3661B2583D400A60CC9 /* Build configuration list for PBXProject "MJdeDouBan" */;
			compatibilityVersion = "Xcode 3.2";
			developmentRegion = English;
			hasScannedForEncodings = 0;
			knownRegions = (
				en,
				Base,
			);
			mainGroup = 8E17A3621B2583D400A60CC9;
			productRefGroup = 8E17A36C1B2583D400A60CC9 /* Products */;
			projectDirPath = "";
			projectRoot = "";
			targets = (
				8E17A36A1B2583D400A60CC9 /* MJdeDouBan */,
			);
		};
/* End PBXProject section */

/* Begin PBXResourcesBuildPhase section */
		8E17A3691B2583D400A60CC9 /* Resources */ = {
			isa = PBXResourcesBuildPhase;
			buildActionMask = 2147483647;
			files = (
				8EDB2A351B2AF4560049DC6A /* MJMovieDescriptionCell.xib in Resources */,
				8EDB2A471B2B11CB0049DC6A /* MJMovieCommentCell.xib in Resources */,
				8EB7E4F11B2AD9EA005F4C2E /* MJMovieDetailCell.xib in Resources */,
				8EDB2A511B2B22AD0049DC6A /* MJMovieDirectorCell.xib in Resources */,
				8EDB2A3A1B2AF83C0049DC6A /* MJSimilarMoviesCollectionViewCell.xib in Resources */,
				8E17A37D1B2583D400A60CC9 /* Main.storyboard in Resources */,
				8E17A3821B2583D400A60CC9 /* LaunchScreen.xib in Resources */,
				8EDB2A3F1B2AFA4E0049DC6A /* MJSimilarMoviesCell.xib in Resources */,
				8EDB2A4C1B2B15780049DC6A /* MJMovieViewAllCommentsCell.xib in Resources */,
				8E17A37F1B2583D400A60CC9 /* Images.xcassets in Resources */,
			);
			runOnlyForDeploymentPostprocessing = 0;
		};
/* End PBXResourcesBuildPhase section */

/* Begin PBXShellScriptBuildPhase section */
		42AFB882BB4EAD9C33AA6DB3 /* Check Pods Manifest.lock */ = {
			isa = PBXShellScriptBuildPhase;
			buildActionMask = 2147483647;
			files = (
			);
			inputPaths = (
			);
			name = "Check Pods Manifest.lock";
			outputPaths = (
			);
			runOnlyForDeploymentPostprocessing = 0;
			shellPath = /bin/sh;
			shellScript = "diff \"${PODS_ROOT}/../Podfile.lock\" \"${PODS_ROOT}/Manifest.lock\" > /dev/null\nif [[ $? != 0 ]] ; then\n    cat << EOM\nerror: The sandbox is not in sync with the Podfile.lock. Run 'pod install' or update your CocoaPods installation.\nEOM\n    exit 1\nfi\n";
			showEnvVarsInLog = 0;
		};
		5F1433AC675D9D019D3DC128 /* Copy Pods Resources */ = {
			isa = PBXShellScriptBuildPhase;
			buildActionMask = 2147483647;
			files = (
			);
			inputPaths = (
			);
			name = "Copy Pods Resources";
			outputPaths = (
			);
			runOnlyForDeploymentPostprocessing = 0;
			shellPath = /bin/sh;
			shellScript = "\"${SRCROOT}/Pods/Target Support Files/Pods/Pods-resources.sh\"\n";
			showEnvVarsInLog = 0;
		};
/* End PBXShellScriptBuildPhase section */

/* Begin PBXSourcesBuildPhase section */
		8E17A3671B2583D400A60CC9 /* Sources */ = {
			isa = PBXSourcesBuildPhase;
			buildActionMask = 2147483647;
			files = (
				8EBCA8CA1B319BFC003FA128 /* MJComingSoonMovieMasterViewController.m in Sources */,
				8E133DA01B28093E007BD0A7 /* MJMovieListCell.m in Sources */,
				8E6B8D4B1B2A799F001BAC3E /* RAMBounceAnimation.swift in Sources */,
				8EB7E4F01B2AD9EA005F4C2E /* MJMovieDetailCell.m in Sources */,
				8E2599521B285ACC00C86B76 /* MJHTTPFetcher.m in Sources */,
				8E3431D91B29C49B00439644 /* MJMovie.m in Sources */,
				8E17A37A1B2583D400A60CC9 /* SecondViewController.m in Sources */,
				8E6B8D501B2A799F001BAC3E /* RAMAnimatedTabBarController.swift in Sources */,
				8EED4A2C1B31B842000B33D1 /* MJComingSoonMovieListCell.m in Sources */,
				8E133D9D1B28061A007BD0A7 /* MJHotMovieMasterViewController.m in Sources */,
				8EDB2A3E1B2AFA4E0049DC6A /* MJSimilarMoviesCell.m in Sources */,
				8E5BABD11B2F08CD00C2D59B /* ScoreStarsKit.m in Sources */,
				8EDB2A461B2B11CB0049DC6A /* MJMovieCommentCell.m in Sources */,
				8EB245461B344C0300CAE35A /* StoryBoardUtilities.m in Sources */,
				8EED4A2F1B3292F2000B33D1 /* MJReview.m in Sources */,
				8EDB2A421B2AFACA0049DC6A /* MJIndexedCollectionView.m in Sources */,
				8E54A16E1B34568200DF8BB3 /* MJMoviePosterCell.m in Sources */,
				8EDB2A4B1B2B15780049DC6A /* MJMovieViewAllCommentsCell.m in Sources */,
				8E6B8D4E1B2A799F001BAC3E /* RAMRotationAnimation.swift in Sources */,
				8EBCA8C71B317059003FA128 /* RKSwipeBetweenViewControllers.m in Sources */,
				8EB245431B33EA0500CAE35A /* MJButton.m in Sources */,
				8EA1FBD61B29A88A0057E6E2 /* UIColor+flat.m in Sources */,
				8E5BABD21B2F08CD00C2D59B /* ScoreStarsView.m in Sources */,
				8E17A3741B2583D400A60CC9 /* AppDelegate.m in Sources */,
				8E17A3771B2583D400A60CC9 /* FirstViewController.m in Sources */,
				8E6B8D4F1B2A799F001BAC3E /* RAMTransitionItemAnimation.swift in Sources */,
				8EA1FBDB1B29ACB20057E6E2 /* MJDetailsPageView.m in Sources */,
				8EA1FBD01B29A5810057E6E2 /* MJMovieDetailsViewController.m in Sources */,
				8E6B8D511B2A799F001BAC3E /* RAMItemAnimationProtocol.swift in Sources */,
				8EB245491B3453BF00CAE35A /* MJSimilarMoviesViewController.m in Sources */,
				8EDB2A341B2AF4560049DC6A /* MJMovieDescriptionCell.m in Sources */,
				8EA1FBD31B29A72A0057E6E2 /* FeThreeDotGlow.m in Sources */,
				8E4C83A31B2822A3007EDFF6 /* MJNetworkLoadingViewController.m in Sources */,
				8E6B8D4C1B2A799F001BAC3E /* RAMFrameItemAnimation.swift in Sources */,
				8E6B8D4D1B2A799F001BAC3E /* RAMFumeAnimation.swift in Sources */,
				8E17A3711B2583D400A60CC9 /* main.m in Sources */,
				8EDB2A391B2AF83C0049DC6A /* MJSimilarMoviesCollectionViewCell.m in Sources */,
				8EDB2A501B2B22AD0049DC6A /* MJMovieDirectorCell.m in Sources */,
			);
			runOnlyForDeploymentPostprocessing = 0;
		};
/* End PBXSourcesBuildPhase section */

/* Begin PBXVariantGroup section */
		8E17A37B1B2583D400A60CC9 /* Main.storyboard */ = {
			isa = PBXVariantGroup;
			children = (
				8E17A37C1B2583D400A60CC9 /* Base */,
			);
			name = Main.storyboard;
			sourceTree = "<group>";
		};
		8E17A3801B2583D400A60CC9 /* LaunchScreen.xib */ = {
			isa = PBXVariantGroup;
			children = (
				8E17A3811B2583D400A60CC9 /* Base */,
			);
			name = LaunchScreen.xib;
			sourceTree = "<group>";
		};
/* End PBXVariantGroup section */

/* Begin XCBuildConfiguration section */
		8E17A38F1B2583D400A60CC9 /* Debug */ = {
			isa = XCBuildConfiguration;
			buildSettings = {
				ALWAYS_SEARCH_USER_PATHS = NO;
				CLANG_CXX_LANGUAGE_STANDARD = "gnu++0x";
				CLANG_CXX_LIBRARY = "libc++";
				CLANG_ENABLE_MODULES = YES;
				CLANG_ENABLE_OBJC_ARC = YES;
				CLANG_WARN_BOOL_CONVERSION = YES;
				CLANG_WARN_CONSTANT_CONVERSION = YES;
				CLANG_WARN_DIRECT_OBJC_ISA_USAGE = YES_ERROR;
				CLANG_WARN_EMPTY_BODY = YES;
				CLANG_WARN_ENUM_CONVERSION = YES;
				CLANG_WARN_INT_CONVERSION = YES;
				CLANG_WARN_OBJC_ROOT_CLASS = YES_ERROR;
				CLANG_WARN_UNREACHABLE_CODE = YES;
				CLANG_WARN__DUPLICATE_METHOD_MATCH = YES;
				"CODE_SIGN_IDENTITY[sdk=iphoneos*]" = "iPhone Developer";
				COPY_PHASE_STRIP = NO;
				DEBUG_INFORMATION_FORMAT = "dwarf-with-dsym";
				ENABLE_STRICT_OBJC_MSGSEND = YES;
				GCC_C_LANGUAGE_STANDARD = gnu99;
				GCC_DYNAMIC_NO_PIC = NO;
				GCC_NO_COMMON_BLOCKS = YES;
				GCC_OPTIMIZATION_LEVEL = 0;
				GCC_PREPROCESSOR_DEFINITIONS = (
					"DEBUG=1",
					"$(inherited)",
				);
				GCC_SYMBOLS_PRIVATE_EXTERN = NO;
				GCC_WARN_64_TO_32_BIT_CONVERSION = YES;
				GCC_WARN_ABOUT_RETURN_TYPE = YES_ERROR;
				GCC_WARN_UNDECLARED_SELECTOR = YES;
				GCC_WARN_UNINITIALIZED_AUTOS = YES_AGGRESSIVE;
				GCC_WARN_UNUSED_FUNCTION = YES;
				GCC_WARN_UNUSED_VARIABLE = YES;
				IPHONEOS_DEPLOYMENT_TARGET = 8.3;
				MTL_ENABLE_DEBUG_INFO = YES;
				ONLY_ACTIVE_ARCH = YES;
				SDKROOT = iphoneos;
			};
			name = Debug;
		};
		8E17A3901B2583D400A60CC9 /* Release */ = {
			isa = XCBuildConfiguration;
			buildSettings = {
				ALWAYS_SEARCH_USER_PATHS = NO;
				CLANG_CXX_LANGUAGE_STANDARD = "gnu++0x";
				CLANG_CXX_LIBRARY = "libc++";
				CLANG_ENABLE_MODULES = YES;
				CLANG_ENABLE_OBJC_ARC = YES;
				CLANG_WARN_BOOL_CONVERSION = YES;
				CLANG_WARN_CONSTANT_CONVERSION = YES;
				CLANG_WARN_DIRECT_OBJC_ISA_USAGE = YES_ERROR;
				CLANG_WARN_EMPTY_BODY = YES;
				CLANG_WARN_ENUM_CONVERSION = YES;
				CLANG_WARN_INT_CONVERSION = YES;
				CLANG_WARN_OBJC_ROOT_CLASS = YES_ERROR;
				CLANG_WARN_UNREACHABLE_CODE = YES;
				CLANG_WARN__DUPLICATE_METHOD_MATCH = YES;
				"CODE_SIGN_IDENTITY[sdk=iphoneos*]" = "iPhone Developer";
				COPY_PHASE_STRIP = NO;
				DEBUG_INFORMATION_FORMAT = "dwarf-with-dsym";
				ENABLE_NS_ASSERTIONS = NO;
				ENABLE_STRICT_OBJC_MSGSEND = YES;
				GCC_C_LANGUAGE_STANDARD = gnu99;
				GCC_NO_COMMON_BLOCKS = YES;
				GCC_WARN_64_TO_32_BIT_CONVERSION = YES;
				GCC_WARN_ABOUT_RETURN_TYPE = YES_ERROR;
				GCC_WARN_UNDECLARED_SELECTOR = YES;
				GCC_WARN_UNINITIALIZED_AUTOS = YES_AGGRESSIVE;
				GCC_WARN_UNUSED_FUNCTION = YES;
				GCC_WARN_UNUSED_VARIABLE = YES;
				IPHONEOS_DEPLOYMENT_TARGET = 8.3;
				MTL_ENABLE_DEBUG_INFO = NO;
				SDKROOT = iphoneos;
				VALIDATE_PRODUCT = YES;
			};
			name = Release;
		};
		8E17A3921B2583D400A60CC9 /* Debug */ = {
			isa = XCBuildConfiguration;
			baseConfigurationReference = FD26D74BFAD84333207A5F92 /* Pods.debug.xcconfig */;
			buildSettings = {
				ASSETCATALOG_COMPILER_APPICON_NAME = AppIcon;
				INFOPLIST_FILE = MJdeDouBan/Info.plist;
				LD_RUNPATH_SEARCH_PATHS = "$(inherited) @executable_path/Frameworks";
				PRODUCT_NAME = "$(TARGET_NAME)";
			};
			name = Debug;
		};
		8E17A3931B2583D400A60CC9 /* Release */ = {
			isa = XCBuildConfiguration;
			baseConfigurationReference = F18330DA74D8E1E814FDCA6B /* Pods.release.xcconfig */;
			buildSettings = {
				ASSETCATALOG_COMPILER_APPICON_NAME = AppIcon;
				INFOPLIST_FILE = MJdeDouBan/Info.plist;
				LD_RUNPATH_SEARCH_PATHS = "$(inherited) @executable_path/Frameworks";
				PRODUCT_NAME = "$(TARGET_NAME)";
			};
			name = Release;
		};
/* End XCBuildConfiguration section */

/* Begin XCConfigurationList section */
		8E17A3661B2583D400A60CC9 /* Build configuration list for PBXProject "MJdeDouBan" */ = {
			isa = XCConfigurationList;
			buildConfigurations = (
				8E17A38F1B2583D400A60CC9 /* Debug */,
				8E17A3901B2583D400A60CC9 /* Release */,
			);
			defaultConfigurationIsVisible = 0;
			defaultConfigurationName = Release;
		};
		8E17A3911B2583D400A60CC9 /* Build configuration list for PBXNativeTarget "MJdeDouBan" */ = {
			isa = XCConfigurationList;
			buildConfigurations = (
				8E17A3921B2583D400A60CC9 /* Debug */,
				8E17A3931B2583D400A60CC9 /* Release */,
			);
			defaultConfigurationIsVisible = 0;
			defaultConfigurationName = Release;
		};
/* End XCConfigurationList section */
	};
	rootObject = 8E17A3631B2583D400A60CC9 /* Project object */;
}
